
Microsoft Visual Studio Solution File, Format Version 12.00
# Visual Studio Version 17
VisualStudioVersion = 17.14.36127.28
MinimumVisualStudioVersion = 10.0.40219.1
Project("{FAE04EC0-301F-11D3-BF4B-00C04F79EFBC}") = "EmployeesService.Api", "EmployeesService.Api\EmployeesService.Api.csproj", "{9178DDEA-6670-41C3-BA18-E2ABBE5C5D93}"
EndProject
Project("{E53339B2-1760-4266-BCC7-CA923CBCF16C}") = "docker-compose", "docker-compose.dcproj", "{81DDED9D-158B-E303-5F62-77A2896D2A5A}"
EndProject
Project("{FAE04EC0-301F-11D3-BF4B-00C04F79EFBC}") = "EmployeesService.Tests", "..\EmployeesService.Tests\EmployeesService.Tests.csproj", "{5B7AC82D-59B2-4994-9F29-689E442D7FE4}"
EndProject
Global
	GlobalSection(SolutionConfigurationPlatforms) = preSolution
		Debug|Any CPU = Debug|Any CPU
		Release|Any CPU = Release|Any CPU
	EndGlobalSection
	GlobalSection(ProjectConfigurationPlatforms) = postSolution
		{9178DDEA-6670-41C3-BA18-E2ABBE5C5D93}.Debug|Any CPU.ActiveCfg = Debug|Any CPU
		{9178DDEA-6670-41C3-BA18-E2ABBE5C5D93}.Debug|Any CPU.Build.0 = Debug|Any CPU
		{9178DDEA-6670-41C3-BA18-E2ABBE5C5D93}.Release|Any CPU.ActiveCfg = Release|Any CPU
		{9178DDEA-6670-41C3-BA18-E2ABBE5C5D93}.Release|Any CPU.Build.0 = Release|Any CPU
		{81DDED9D-158B-E303-5F62-77A2896D2A5A}.Debug|Any CPU.ActiveCfg = Debug|Any CPU
		{81DDED9D-158B-E303-5F62-77A2896D2A5A}.Debug|Any CPU.Build.0 = Debug|Any CPU
		{81DDED9D-158B-E303-5F62-77A2896D2A5A}.Release|Any CPU.ActiveCfg = Release|Any CPU
		{81DDED9D-158B-E303-5F62-77A2896D2A5A}.Release|Any CPU.Build.0 = Release|Any CPU
		{5B7AC82D-59B2-4994-9F29-689E442D7FE4}.Debug|Any CPU.ActiveCfg = Debug|Any CPU
		{5B7AC82D-59B2-4994-9F29-689E442D7FE4}.Debug|Any CPU.Build.0 = Debug|Any CPU
		{5B7AC82D-59B2-4994-9F29-689E442D7FE4}.Release|Any CPU.ActiveCfg = Release|Any CPU
		{5B7AC82D-59B2-4994-9F29-689E442D7FE4}.Release|Any CPU.Build.0 = Release|Any CPU
	EndGlobalSection
	GlobalSection(SolutionProperties) = preSolution
		HideSolutionNode = FALSE
	EndGlobalSection
	GlobalSection(ExtensibilityGlobals) = postSolution
		SolutionGuid = {27575702-D4FC-449F-BDCA-DA3FFFBFEA39}
	EndGlobalSection
EndGlobal
